// !$*UTF8*$!
{
	archiveVersion = 1;
	classes = {
	};
	objectVersion = 46;
	objects = {

/* Begin PBXBuildFile section */
		2A945CB219ECBF1900FA799C /* main.cpp in Sources */ = {isa = PBXBuildFile; fileRef = 2A945CB119ECBF1900FA799C /* main.cpp */; };
/* End PBXBuildFile section */

/* Begin PBXFileReference section */
		2A945CAE19ECBF1900FA799C /* opznet */ = {isa = PBXFileReference; explicitFileType = "compiled.mach-o.executable"; includeInIndex = 0; path = opznet; sourceTree = BUILT_PRODUCTS_DIR; };
		2A945CB119ECBF1900FA799C /* main.cpp */ = {isa = PBXFileReference; lastKnownFileType = sourcecode.cpp.cpp; path = main.cpp; sourceTree = "<group>"; };
		2A945CB419ECBF1900FA799C /* cute_image.jpg */ = {isa = PBXFileReference; lastKnownFileType = image.jpeg; path = cute_image.jpg; sourceTree = "<group>"; };
		2A945CB519ECBF1900FA799C /* nice_music.ogg */ = {isa = PBXFileReference; lastKnownFileType = file; path = nice_music.ogg; sourceTree = "<group>"; };
		2A945CB619ECBF1900FA799C /* sansation.ttf */ = {isa = PBXFileReference; lastKnownFileType = file; path = sansation.ttf; sourceTree = "<group>"; };
		2A945CB719ECBF1900FA799C /* icon.png */ = {isa = PBXFileReference; lastKnownFileType = image.png; path = icon.png; sourceTree = "<group>"; };
/* End PBXFileReference section */

/* Begin PBXFrameworksBuildPhase section */
		2A945CAC19ECBF1900FA799C /* Frameworks */ = {
			isa = PBXFrameworksBuildPhase;
			buildActionMask = 2147483647;
			files = (
			);
			runOnlyForDeploymentPostprocessing = 0;
		};
/* End PBXFrameworksBuildPhase section */

/* Begin PBXGroup section */
		2A945CA619ECBF1900FA799C = {
			isa = PBXGroup;
			children = (
				2A945CB019ECBF1900FA799C /* opznet */,
				2A945CAF19ECBF1900FA799C /* Products */,
			);
			sourceTree = "<group>";
		};
		2A945CAF19ECBF1900FA799C /* Products */ = {
			isa = PBXGroup;
			children = (
				2A945CAE19ECBF1900FA799C /* opznet */,
			);
			name = Products;
			sourceTree = "<group>";
		};
		2A945CB019ECBF1900FA799C /* opznet */ = {
			isa = PBXGroup;
			children = (
				2A945CB119ECBF1900FA799C /* main.cpp */,
				2A945CB319ECBF1900FA799C /* Resources */,
			);
			path = opznet;
			sourceTree = "<group>";
		};
		2A945CB319ECBF1900FA799C /* Resources */ = {
			isa = PBXGroup;
			children = (
				2A945CB419ECBF1900FA799C /* cute_image.jpg */,
				2A945CB519ECBF1900FA799C /* nice_music.ogg */,
				2A945CB619ECBF1900FA799C /* sansation.ttf */,
				2A945CB719ECBF1900FA799C /* icon.png */,
			);
			name = Resources;
			sourceTree = "<group>";
		};
/* End PBXGroup section */

/* Begin PBXNativeTarget section */
		2A945CAD19ECBF1900FA799C /* opznet */ = {
			isa = PBXNativeTarget;
			buildConfigurationList = 2A945CBA19ECBF1900FA799C /* Build configuration list for PBXNativeTarget "opznet" */;
			buildPhases = (
				2A945CAB19ECBF1900FA799C /* Sources */,
				2A945CAC19ECBF1900FA799C /* Frameworks */,
			);
			buildRules = (
			);
			dependencies = (
			);
			name = opznet;
			productName = opznet;
			productReference = 2A945CAE19ECBF1900FA799C /* opznet */;
			productType = "com.apple.product-type.tool";
		};
/* End PBXNativeTarget section */

/* Begin PBXProject section */
		2A945CA719ECBF1900FA799C /* Project object */ = {
			isa = PBXProject;
			attributes = {
				LastUpgradeCheck = 0600;
				ORGANIZATIONNAME = ooparts;
				TargetAttributes = {
					2A945CAD19ECBF1900FA799C = {
						CreatedOnToolsVersion = 6.0.1;
					};
				};
			};
			buildConfigurationList = 2A945CAA19ECBF1900FA799C /* Build configuration list for PBXProject "opznet" */;
			compatibilityVersion = "Xcode 3.2";
			developmentRegion = English;
			hasScannedForEncodings = 0;
			knownRegions = (
				en,
			);
			mainGroup = 2A945CA619ECBF1900FA799C;
			productRefGroup = 2A945CAF19ECBF1900FA799C /* Products */;
			projectDirPath = "";
			projectRoot = "";
			targets = (
				2A945CAD19ECBF1900FA799C /* opznet */,
			);
		};
/* End PBXProject section */

/* Begin PBXSourcesBuildPhase section */
		2A945CAB19ECBF1900FA799C /* Sources */ = {
			isa = PBXSourcesBuildPhase;
			buildActionMask = 2147483647;
			files = (
				2A945CB219ECBF1900FA799C /* main.cpp in Sources */,
			);
			runOnlyForDeploymentPostprocessing = 0;
		};
/* End PBXSourcesBuildPhase section */

/* Begin XCBuildConfiguration section */
		2A945CB819ECBF1900FA799C /* Debug */ = {
			isa = XCBuildConfiguration;
			buildSettings = {
				ARCHS = "$(ARCHS_STANDARD_32_64_BIT)";
				CLANG_CXX_LANGUAGE_STANDARD = "c++0x";
				CLANG_CXX_LIBRARY = "libc++";
				CLANG_WARN_EMPTY_BODY = YES;
				CLANG_WARN__DUPLICATE_METHOD_MATCH = YES;
				FRAMEWORK_SEARCH_PATHS = (
					/Library/Frameworks/,
					"$(inherited)",
				);
				GCC_OPTIMIZATION_LEVEL = 0;
				GCC_PREPROCESSOR_DEFINITIONS = (
					"DEBUG=1",
					"$(inherited)",
				);
				GCC_VERSION = com.apple.compilers.llvm.clang.1_0;
				GCC_WARN_ABOUT_RETURN_TYPE = YES;
				GCC_WARN_UNINITIALIZED_AUTOS = YES;
				GCC_WARN_UNUSED_VARIABLE = YES;
				HEADER_SEARCH_PATHS = (
					/usr/local/include/,
					"$(inherited)",
				);
				LIBRARY_SEARCH_PATHS = (
					/usr/local/lib/,
					"$(inherited)",
				);
				ONLY_ACTIVE_ARCH = NO;
				OTHER_LDFLAGS = (
					"$(inherited)",
					"$(SFML_SYSTEM)",
					"$(SFML_WINDOW)",
					"$(SFML_GRAPHICS)",
					"$(SFML_AUDIO)",
					"$(SFML_NETWORK)",
				);
				SFML_AUDIO = "";
				SFML_BINARY_TYPE = DYLIBS;
				SFML_LINK_DYLIBS_PREFIX = "-l";
				SFML_LINK_DYLIBS_SUFFIX = "";
				SFML_LINK_FRAMEWORKS_PREFIX = "-framework ";
				SFML_LINK_FRAMEWORKS_SUFFIX = "";
				SFML_LINK_PREFIX = "$(SFML_LINK_$(SFML_BINARY_TYPE)_PREFIX)";
				SFML_LINK_SUFFIX = "$(SFML_LINK_$(SFML_BINARY_TYPE)_SUFFIX)";
				SFML_NETWORK = "$(SFML_LINK_PREFIX)sfml-network$(SFML_LINK_SUFFIX)";
				SFML_SYSTEM = "$(SFML_LINK_PREFIX)sfml-system$(SFML_LINK_SUFFIX)";
				SFML_WINDOW = "";
				SUPPORTED_PLATFORMS = macosx;
			};
			name = Debug;
		};
		2A945CB919ECBF1900FA799C /* Release */ = {
			isa = XCBuildConfiguration;
			buildSettings = {
				ARCHS = "$(ARCHS_STANDARD_32_64_BIT)";
				CLANG_CXX_LANGUAGE_STANDARD = "c++0x";
				CLANG_CXX_LIBRARY = "libc++";
				CLANG_WARN_EMPTY_BODY = YES;
				CLANG_WARN__DUPLICATE_METHOD_MATCH = YES;
				COPY_PHASE_STRIP = YES;
				FRAMEWORK_SEARCH_PATHS = (
					/Library/Frameworks/,
					"$(inherited)",
				);
				GCC_VERSION = com.apple.compilers.llvm.clang.1_0;
				GCC_WARN_ABOUT_RETURN_TYPE = YES;
				GCC_WARN_UNINITIALIZED_AUTOS = YES;
				GCC_WARN_UNUSED_VARIABLE = YES;
				HEADER_SEARCH_PATHS = (
					/usr/local/include/,
					"$(inherited)",
				);
				LIBRARY_SEARCH_PATHS = (
					/usr/local/lib/,
					"$(inherited)",
				);
				ONLY_ACTIVE_ARCH = NO;
				OTHER_LDFLAGS = (
					"$(inherited)",
					"$(SFML_SYSTEM)",
					"$(SFML_WINDOW)",
					"$(SFML_GRAPHICS)",
					"$(SFML_AUDIO)",
					"$(SFML_NETWORK)",
				);
				SFML_AUDIO = "";
				SFML_BINARY_TYPE = DYLIBS;
				SFML_LINK_DYLIBS_PREFIX = "-l";
				SFML_LINK_DYLIBS_SUFFIX = "";
				SFML_LINK_FRAMEWORKS_PREFIX = "-framework ";
				SFML_LINK_FRAMEWORKS_SUFFIX = "";
				SFML_LINK_PREFIX = "$(SFML_LINK_$(SFML_BINARY_TYPE)_PREFIX)";
				SFML_LINK_SUFFIX = "$(SFML_LINK_$(SFML_BINARY_TYPE)_SUFFIX)";
				SFML_NETWORK = "$(SFML_LINK_PREFIX)sfml-network$(SFML_LINK_SUFFIX)";
				SFML_SYSTEM = "$(SFML_LINK_PREFIX)sfml-system$(SFML_LINK_SUFFIX)";
				SFML_WINDOW = "";
				SUPPORTED_PLATFORMS = macosx;
			};
			name = Release;
		};
		2A945CBB19ECBF1900FA799C /* Debug */ = {
			isa = XCBuildConfiguration;
			buildSettings = {
				PRODUCT_NAME = "$(TARGET_NAME)";
			};
			name = Debug;
		};
		2A945CBC19ECBF1900FA799C /* Release */ = {
			isa = XCBuildConfiguration;
			buildSettings = {
				PRODUCT_NAME = "$(TARGET_NAME)";
			};
			name = Release;
		};
/* End XCBuildConfiguration section */

/* Begin XCConfigurationList section */
		2A945CAA19ECBF1900FA799C /* Build configuration list for PBXProject "opznet" */ = {
			isa = XCConfigurationList;
			buildConfigurations = (
				2A945CB819ECBF1900FA799C /* Debug */,
				2A945CB919ECBF1900FA799C /* Release */,
			);
			defaultConfigurationIsVisible = 0;
			defaultConfigurationName = Release;
		};
		2A945CBA19ECBF1900FA799C /* Build configuration list for PBXNativeTarget "opznet" */ = {
			isa = XCConfigurationList;
			buildConfigurations = (
				2A945CBB19ECBF1900FA799C /* Debug */,
				2A945CBC19ECBF1900FA799C /* Release */,
			);
			defaultConfigurationIsVisible = 0;
		};
/* End XCConfigurationList section */
	};
	rootObject = 2A945CA719ECBF1900FA799C /* Project object */;
}
